// !$*UTF8*$!
{
	archiveVersion = 1;
	classes = {
	};
	objectVersion = 77;
	objects = {

/* Begin PBXBuildFile section */
		F9D7CA3F30439E270076636B /* TasteApp.swift in Sources */ = {isa = PBXBuildFile; fileRef = F9D7CA3E30439E270076636B /* TasteApp.swift */; };
		F9EE67503044842E0023EC2B /* WishlistView.swift in Sources */ = {isa = PBXBuildFile; fileRef = F9EE674F304480F30023EC2B /* WishlistView.swift */; };
		F9EE6753304484F00023EC2B /* MovieCardView.swift in Sources */ = {isa = PBXBuildFile; fileRef = F9EE674E304480BB0023EC2B /* MovieCardView.swift */; };
		F9EE6756304484F80023EC2B /* WishlistViewModel.swift in Sources */ = {isa = PBXBuildFile; fileRef = F9D7CA793043B0540076636B /* WishlistViewModel.swift */; };
		F9EE67593044857D0023EC2B /* WishlistItem.swift in Sources */ = {isa = PBXBuildFile; fileRef = F9D7CA783043B0170076636B /* WishlistItem.swift */; };
		F9EE675C30448F790023EC2B /* AppDesign.swift in Sources */ = {isa = PBXBuildFile; fileRef = F9EE675B30448EF10023EC2B /* AppDesign.swift */; };
		F9EE675E3045CD8F0023EC2B /* ImportInput.swift in Sources */ = {isa = PBXBuildFile; fileRef = F9EE675D3045CD820023EC2B /* ImportInput.swift */; };
		F9EE67603045CF800023EC2B /* AddItemView.swift in Sources */ = {isa = PBXBuildFile; fileRef = F9EE675F3045CF7B0023EC2B /* AddItemView.swift */; };
		F9EE67623046183B0023EC2B /* ItemCandidate.swift in Sources */ = {isa = PBXBuildFile; fileRef = F9EE6761304618360023EC2B /* ItemCandidate.swift */; };
		F9EE6764304618A50023EC2B /* ContentAnalyzer.swift in Sources */ = {isa = PBXBuildFile; fileRef = F9EE6763304618A10023EC2B /* ContentAnalyzer.swift */; };
		F9EE6766304618D80023EC2B /* MockContentAnalyzer.swift in Sources */ = {isa = PBXBuildFile; fileRef = F9EE6765304618D10023EC2B /* MockContentAnalyzer.swift */; };
		F9EE676830461A750023EC2B /* CandidateResultView.swift in Sources */ = {isa = PBXBuildFile; fileRef = F9EE676730461A6A0023EC2B /* CandidateResultView.swift */; };
		F9EE676A304A57C10023EC2B /* RemoteContentAnalyzer.swift in Sources */ = {isa = PBXBuildFile; fileRef = F9EE6769304A50E50023EC2B /* RemoteContentAnalyzer.swift */; };
/* End PBXBuildFile section */

/* Begin PBXContainerItemProxy section */
		F9D7CA4930439E2A0076636B /* PBXContainerItemProxy */ = {
			isa = PBXContainerItemProxy;
			containerPortal = F9D7CA3330439E260076636B /* Project object */;
			proxyType = 1;
			remoteGlobalIDString = F9D7CA3A30439E270076636B;
			remoteInfo = Taste;
		};
		F9D7CA5330439E2A0076636B /* PBXContainerItemProxy */ = {
			isa = PBXContainerItemProxy;
			containerPortal = F9D7CA3330439E260076636B /* Project object */;
			proxyType = 1;
			remoteGlobalIDString = F9D7CA3A30439E270076636B;
			remoteInfo = Taste;
		};
/* End PBXContainerItemProxy section */

/* Begin PBXFileReference section */
		F9D7CA3B30439E270076636B /* Taste.app */ = {isa = PBXFileReference; explicitFileType = wrapper.application; includeInIndex = 0; path = Taste.app; sourceTree = BUILT_PRODUCTS_DIR; };
		F9D7CA3E30439E270076636B /* TasteApp.swift */ = {isa = PBXFileReference; lastKnownFileType = sourcecode.swift; path = TasteApp.swift; sourceTree = "<group>"; };
		F9D7CA4830439E2A0076636B /* TasteTests.xctest */ = {isa = PBXFileReference; explicitFileType = wrapper.cfbundle; includeInIndex = 0; path = TasteTests.xctest; sourceTree = BUILT_PRODUCTS_DIR; };
		F9D7CA5230439E2A0076636B /* TasteUITests.xctest */ = {isa = PBXFileReference; explicitFileType = wrapper.cfbundle; includeInIndex = 0; path = TasteUITests.xctest; sourceTree = BUILT_PRODUCTS_DIR; };
		F9D7CA783043B0170076636B /* WishlistItem.swift */ = {isa = PBXFileReference; lastKnownFileType = sourcecode.swift; path = WishlistItem.swift; sourceTree = "<group>"; };
		F9D7CA793043B0540076636B /* WishlistViewModel.swift */ = {isa = PBXFileReference; lastKnownFileType = sourcecode.swift; path = WishlistViewModel.swift; sourceTree = "<group>"; };
		F9EE674E304480BB0023EC2B /* MovieCardView.swift */ = {isa = PBXFileReference; lastKnownFileType = sourcecode.swift; path = MovieCardView.swift; sourceTree = "<group>"; };
		F9EE674F304480F30023EC2B /* WishlistView.swift */ = {isa = PBXFileReference; lastKnownFileType = sourcecode.swift; path = WishlistView.swift; sourceTree = "<group>"; };
		F9EE675B30448EF10023EC2B /* AppDesign.swift */ = {isa = PBXFileReference; lastKnownFileType = sourcecode.swift; path = AppDesign.swift; sourceTree = "<group>"; };
		F9EE675D3045CD820023EC2B /* ImportInput.swift */ = {isa = PBXFileReference; lastKnownFileType = sourcecode.swift; path = ImportInput.swift; sourceTree = "<group>"; };
		F9EE675F3045CF7B0023EC2B /* AddItemView.swift */ = {isa = PBXFileReference; lastKnownFileType = sourcecode.swift; path = AddItemView.swift; sourceTree = "<group>"; };
		F9EE6761304618360023EC2B /* ItemCandidate.swift */ = {isa = PBXFileReference; lastKnownFileType = sourcecode.swift; path = ItemCandidate.swift; sourceTree = "<group>"; };
		F9EE6763304618A10023EC2B /* ContentAnalyzer.swift */ = {isa = PBXFileReference; lastKnownFileType = sourcecode.swift; path = ContentAnalyzer.swift; sourceTree = "<group>"; };
		F9EE6765304618D10023EC2B /* MockContentAnalyzer.swift */ = {isa = PBXFileReference; lastKnownFileType = sourcecode.swift; path = MockContentAnalyzer.swift; sourceTree = "<group>"; };
		F9EE676730461A6A0023EC2B /* CandidateResultView.swift */ = {isa = PBXFileReference; lastKnownFileType = sourcecode.swift; path = CandidateResultView.swift; sourceTree = "<group>"; };
		F9EE6769304A50E50023EC2B /* RemoteContentAnalyzer.swift */ = {isa = PBXFileReference; lastKnownFileType = sourcecode.swift; path = RemoteContentAnalyzer.swift; sourceTree = "<group>"; };
/* End PBXFileReference section */

/* Begin PBXFileSystemSynchronizedRootGroup section */
		F9D7CA3D30439E270076636B /* Taste */ = {
			isa = PBXFileSystemSynchronizedRootGroup;
			path = Taste;
			sourceTree = "<group>";
		};
		F9D7CA4B30439E2A0076636B /* TasteTests */ = {
			isa = PBXFileSystemSynchronizedRootGroup;
			path = TasteTests;
			sourceTree = "<group>";
		};
		F9D7CA5530439E2A0076636B /* TasteUITests */ = {
			isa = PBXFileSystemSynchronizedRootGroup;
			path = TasteUITests;
			sourceTree = "<group>";
		};
/* End PBXFileSystemSynchronizedRootGroup section */

/* Begin PBXFrameworksBuildPhase section */
		F9D7CA3830439E270076636B /* Frameworks */ = {
			isa = PBXFrameworksBuildPhase;
			buildActionMask = 2147483647;
			files = (
			);
			runOnlyForDeploymentPostprocessing = 0;
		};
		F9D7CA4530439E2A0076636B /* Frameworks */ = {
			isa = PBXFrameworksBuildPhase;
			buildActionMask = 2147483647;
			files = (
			);
			runOnlyForDeploymentPostprocessing = 0;
		};
		F9D7CA4F30439E2A0076636B /* Frameworks */ = {
			isa = PBXFrameworksBuildPhase;
			buildActionMask = 2147483647;
			files = (
			);
			runOnlyForDeploymentPostprocessing = 0;
		};
/* End PBXFrameworksBuildPhase section */

/* Begin PBXGroup section */
		F9D7CA3230439E260076636B = {
			isa = PBXGroup;
			children = (
				F9D7CA6B3043A4160076636B /* Platform */,
				F9D7CA6A3043A4020076636B /* Features */,
				F9D7CA693043A3F10076636B /* Data */,
				F9D7CA683043A3DA0076636B /* Domain */,
				F9D7CA673043A3CB0076636B /* Core */,
				F9D7CA653043A37C0076636B /* App */,
				F9D7CA4B30439E2A0076636B /* TasteTests */,
				F9D7CA5530439E2A0076636B /* TasteUITests */,
				F9D7CA3C30439E270076636B /* Products */,
			);
			sourceTree = "<group>";
		};
		F9D7CA3C30439E270076636B /* Products */ = {
			isa = PBXGroup;
			children = (
				F9D7CA3B30439E270076636B /* Taste.app */,
				F9D7CA4830439E2A0076636B /* TasteTests.xctest */,
				F9D7CA5230439E2A0076636B /* TasteUITests.xctest */,
			);
			name = Products;
			sourceTree = "<group>";
		};
		F9D7CA653043A37C0076636B /* App */ = {
			isa = PBXGroup;
			children = (
				F9D7CA3E30439E270076636B /* TasteApp.swift */,
				F9D7CA3D30439E270076636B /* Taste */,
			);
			path = App;
			sourceTree = "<group>";
		};
		F9D7CA673043A3CB0076636B /* Core */ = {
			isa = PBXGroup;
			children = (
				F9D7CA6C3043A43E0076636B /* DesignSystem */,
			);
			path = Core;
			sourceTree = "<group>";
		};
		F9D7CA683043A3DA0076636B /* Domain */ = {
			isa = PBXGroup;
			children = (
				F9D7CA703043A4AB0076636B /* UseCases */,
				F9D7CA6F3043A4950076636B /* Services */,
				F9D7CA6E3043A47E0076636B /* Repositories */,
				F9D7CA6D3043A4690076636B /* Entities */,
			);
			path = Domain;
			sourceTree = "<group>";
		};
		F9D7CA693043A3F10076636B /* Data */ = {
			isa = PBXGroup;
			children = (
				F9D7CA733043A4ED0076636B /* Services */,
				F9D7CA723043A4D90076636B /* Repositories */,
				F9D7CA713043A4C30076636B /* Models */,
			);
			path = Data;
			sourceTree = "<group>";
		};
		F9D7CA6A3043A4020076636B /* Features */ = {
			isa = PBXGroup;
			children = (
				F9D7CA773043A53A0076636B /* ShareWishlist */,
				F9D7CA763043A5290076636B /* ItemDetails */,
				F9D7CA753043A5180076636B /* Import */,
				F9D7CA743043A5040076636B /* Wishlist */,
			);
			path = Features;
			sourceTree = "<group>";
		};
		F9D7CA6B3043A4160076636B /* Platform */ = {
			isa = PBXGroup;
			children = (
			);
			path = Platform;
			sourceTree = "<group>";
		};
		F9D7CA6C3043A43E0076636B /* DesignSystem */ = {
			isa = PBXGroup;
			children = (
				F9EE675B30448EF10023EC2B /* AppDesign.swift */,
			);
			path = DesignSystem;
			sourceTree = "<group>";
		};
		F9D7CA6D3043A4690076636B /* Entities */ = {
			isa = PBXGroup;
			children = (
				F9EE6761304618360023EC2B /* ItemCandidate.swift */,
				F9EE675D3045CD820023EC2B /* ImportInput.swift */,
				F9D7CA783043B0170076636B /* WishlistItem.swift */,
			);
			path = Entities;
			sourceTree = "<group>";
		};
		F9D7CA6E3043A47E0076636B /* Repositories */ = {
			isa = PBXGroup;
			children = (
			);
			path = Repositories;
			sourceTree = "<group>";
		};
		F9D7CA6F3043A4950076636B /* Services */ = {
			isa = PBXGroup;
			children = (
				F9EE6765304618D10023EC2B /* MockContentAnalyzer.swift */,
				F9EE6763304618A10023EC2B /* ContentAnalyzer.swift */,
			);
			path = Services;
			sourceTree = "<group>";
		};
		F9D7CA703043A4AB0076636B /* UseCases */ = {
			isa = PBXGroup;
			children = (
			);
			path = UseCases;
			sourceTree = "<group>";
		};
		F9D7CA713043A4C30076636B /* Models */ = {
			isa = PBXGroup;
			children = (
			);
			path = Models;
			sourceTree = "<group>";
		};
		F9D7CA723043A4D90076636B /* Repositories */ = {
			isa = PBXGroup;
			children = (
			);
			path = Repositories;
			sourceTree = "<group>";
		};
		F9D7CA733043A4ED0076636B /* Services */ = {
			isa = PBXGroup;
			children = (
				F9EE6769304A50E50023EC2B /* RemoteContentAnalyzer.swift */,
			);
			path = Services;
			sourceTree = "<group>";
		};
		F9D7CA743043A5040076636B /* Wishlist */ = {
			isa = PBXGroup;
			children = (
				F9EE674F304480F30023EC2B /* WishlistView.swift */,
				F9EE674E304480BB0023EC2B /* MovieCardView.swift */,
				F9D7CA793043B0540076636B /* WishlistViewModel.swift */,
			);
			path = Wishlist;
			sourceTree = "<group>";
		};
		F9D7CA753043A5180076636B /* Import */ = {
			isa = PBXGroup;
			children = (
				F9EE676730461A6A0023EC2B /* CandidateResultView.swift */,
				F9EE675F3045CF7B0023EC2B /* AddItemView.swift */,
			);
			path = Import;
			sourceTree = "<group>";
		};
		F9D7CA763043A5290076636B /* ItemDetails */ = {
			isa = PBXGroup;
			children = (
			);
			path = ItemDetails;
			sourceTree = "<group>";
		};
		F9D7CA773043A53A0076636B /* ShareWishlist */ = {
			isa = PBXGroup;
			children = (
			);
			path = ShareWishlist;
			sourceTree = "<group>";
		};
/* End PBXGroup section */

/* Begin PBXNativeTarget section */
		F9D7CA3A30439E270076636B /* Taste */ = {
			isa = PBXNativeTarget;
			buildConfigurationList = F9D7CA5C30439E2A0076636B /* Build configuration list for PBXNativeTarget "Taste" */;
			buildPhases = (
				F9D7CA3730439E270076636B /* Sources */,
				F9D7CA3830439E270076636B /* Frameworks */,
				F9D7CA3930439E270076636B /* Resources */,
			);
			buildRules = (
			);
			dependencies = (
			);
			fileSystemSynchronizedGroups = (
				F9D7CA3D30439E270076636B /* Taste */,
			);
			name = Taste;
			packageProductDependencies = (
			);
			productName = Taste;
			productReference = F9D7CA3B30439E270076636B /* Taste.app */;
			productType = "com.apple.product-type.application";
		};
		F9D7CA4730439E2A0076636B /* TasteTests */ = {
			isa = PBXNativeTarget;
			buildConfigurationList = F9D7CA5F30439E2A0076636B /* Build configuration list for PBXNativeTarget "TasteTests" */;
			buildPhases = (
				F9D7CA4430439E2A0076636B /* Sources */,
				F9D7CA4530439E2A0076636B /* Frameworks */,
				F9D7CA4630439E2A0076636B /* Resources */,
			);
			buildRules = (
			);
			dependencies = (
				F9D7CA4A30439E2A0076636B /* PBXTargetDependency */,
			);
			fileSystemSynchronizedGroups = (
				F9D7CA4B30439E2A0076636B /* TasteTests */,
			);
			name = TasteTests;
			packageProductDependencies = (
			);
			productName = TasteTests;
			productReference = F9D7CA4830439E2A0076636B /* TasteTests.xctest */;
			productType = "com.apple.product-type.bundle.unit-test";
		};
		F9D7CA5130439E2A0076636B /* TasteUITests */ = {
			isa = PBXNativeTarget;
			buildConfigurationList = F9D7CA6230439E2A0076636B /* Build configuration list for PBXNativeTarget "TasteUITests" */;
			buildPhases = (
				F9D7CA4E30439E2A0076636B /* Sources */,
				F9D7CA4F30439E2A0076636B /* Frameworks */,
				F9D7CA5030439E2A0076636B /* Resources */,
			);
			buildRules = (
			);
			dependencies = (
				F9D7CA5430439E2A0076636B /* PBXTargetDependency */,
			);
			fileSystemSynchronizedGroups = (
				F9D7CA5530439E2A0076636B /* TasteUITests */,
			);
			name = TasteUITests;
			packageProductDependencies = (
			);
			productName = TasteUITests;
			productReference = F9D7CA5230439E2A0076636B /* TasteUITests.xctest */;
			productType = "com.apple.product-type.bundle.ui-testing";
		};
/* End PBXNativeTarget section */

/* Begin PBXProject section */
		F9D7CA3330439E260076636B /* Project object */ = {
			isa = PBXProject;
			attributes = {
				BuildIndependentTargetsInParallel = 1;
				LastSwiftUpdateCheck = 2650;
				LastUpgradeCheck = 2650;
				TargetAttributes = {
					F9D7CA3A30439E270076636B = {
						CreatedOnToolsVersion = 26.5;
					};
					F9D7CA4730439E2A0076636B = {
						CreatedOnToolsVersion = 26.5;
						TestTargetID = F9D7CA3A30439E270076636B;
					};
					F9D7CA5130439E2A0076636B = {
						CreatedOnToolsVersion = 26.5;
						TestTargetID = F9D7CA3A30439E270076636B;
					};
				};
			};
			buildConfigurationList = F9D7CA3630439E260076636B /* Build configuration list for PBXProject "Taste" */;
			developmentRegion = en;
			hasScannedForEncodings = 0;
			knownRegions = (
				en,
				Base,
			);
			mainGroup = F9D7CA3230439E260076636B;
			minimizedProjectReferenceProxies = 1;
			preferredProjectObjectVersion = 77;
			productRefGroup = F9D7CA3C30439E270076636B /* Products */;
			projectDirPath = "";
			projectRoot = "";
			targets = (
				F9D7CA3A30439E270076636B /* Taste */,
				F9D7CA4730439E2A0076636B /* TasteTests */,
				F9D7CA5130439E2A0076636B /* TasteUITests */,
			);
		};
/* End PBXProject section */

/* Begin PBXResourcesBuildPhase section */
		F9D7CA3930439E270076636B /* Resources */ = {
			isa = PBXResourcesBuildPhase;
			buildActionMask = 2147483647;
			files = (
			);
			runOnlyForDeploymentPostprocessing = 0;
		};
		F9D7CA4630439E2A0076636B /* Resources */ = {
			isa = PBXResourcesBuildPhase;
			buildActionMask = 2147483647;
			files = (
			);
			runOnlyForDeploymentPostprocessing = 0;
		};
		F9D7CA5030439E2A0076636B /* Resources */ = {
			isa = PBXResourcesBuildPhase;
			buildActionMask = 2147483647;
			files = (
			);
			runOnlyForDeploymentPostprocessing = 0;
		};
/* End PBXResourcesBuildPhase section */

/* Begin PBXSourcesBuildPhase section */
		F9D7CA3730439E270076636B /* Sources */ = {
			isa = PBXSourcesBuildPhase;
			buildActionMask = 2147483647;
			files = (
				F9EE6764304618A50023EC2B /* ContentAnalyzer.swift in Sources */,
				F9EE67603045CF800023EC2B /* AddItemView.swift in Sources */,
				F9EE6756304484F80023EC2B /* WishlistViewModel.swift in Sources */,
				F9EE675C30448F790023EC2B /* AppDesign.swift in Sources */,
				F9EE676A304A57C10023EC2B /* RemoteContentAnalyzer.swift in Sources */,
				F9EE67623046183B0023EC2B /* ItemCandidate.swift in Sources */,
				F9EE67503044842E0023EC2B /* WishlistView.swift in Sources */,
				F9EE6766304618D80023EC2B /* MockContentAnalyzer.swift in Sources */,
				F9EE676830461A750023EC2B /* CandidateResultView.swift in Sources */,
				F9EE67593044857D0023EC2B /* WishlistItem.swift in Sources */,
				F9D7CA3F30439E270076636B /* TasteApp.swift in Sources */,
				F9EE6753304484F00023EC2B /* MovieCardView.swift in Sources */,
				F9EE675E3045CD8F0023EC2B /* ImportInput.swift in Sources */,
			);
			runOnlyForDeploymentPostprocessing = 0;
		};
		F9D7CA4430439E2A0076636B /* Sources */ = {
			isa = PBXSourcesBuildPhase;
			buildActionMask = 2147483647;
			files = (
			);
			runOnlyForDeploymentPostprocessing = 0;
		};
		F9D7CA4E30439E2A0076636B /* Sources */ = {
			isa = PBXSourcesBuildPhase;
			buildActionMask = 2147483647;
			files = (
			);
			runOnlyForDeploymentPostprocessing = 0;
		};
/* End PBXSourcesBuildPhase section */

/* Begin PBXTargetDependency section */
		F9D7CA4A30439E2A0076636B /* PBXTargetDependency */ = {
			isa = PBXTargetDependency;
			target = F9D7CA3A30439E270076636B /* Taste */;
			targetProxy = F9D7CA4930439E2A0076636B /* PBXContainerItemProxy */;
		};
		F9D7CA5430439E2A0076636B /* PBXTargetDependency */ = {
			isa = PBXTargetDependency;
			target = F9D7CA3A30439E270076636B /* Taste */;
			targetProxy = F9D7CA5330439E2A0076636B /* PBXContainerItemProxy */;
		};
/* End PBXTargetDependency section */

/* Begin XCBuildConfiguration section */
		F9D7CA5A30439E2A0076636B /* Debug */ = {
			isa = XCBuildConfiguration;
			buildSettings = {
				ALWAYS_SEARCH_USER_PATHS = NO;
				ASSETCATALOG_COMPILER_GENERATE_SWIFT_ASSET_SYMBOL_EXTENSIONS = YES;
				CLANG_ANALYZER_NONNULL = YES;
				CLANG_ANALYZER_NUMBER_OBJECT_CONVERSION = YES_AGGRESSIVE;
				CLANG_CXX_LANGUAGE_STANDARD = "gnu++20";
				CLANG_ENABLE_MODULES = YES;
				CLANG_ENABLE_OBJC_ARC = YES;
				CLANG_ENABLE_OBJC_WEAK = YES;
				CLANG_WARN_BLOCK_CAPTURE_AUTORELEASING = YES;
				CLANG_WARN_BOOL_CONVERSION = YES;
				CLANG_WARN_COMMA = YES;
				CLANG_WARN_CONSTANT_CONVERSION = YES;
				CLANG_WARN_DEPRECATED_OBJC_IMPLEMENTATIONS = YES;
				CLANG_WARN_DIRECT_OBJC_ISA_USAGE = YES_ERROR;
				CLANG_WARN_DOCUMENTATION_COMMENTS = YES;
				CLANG_WARN_EMPTY_BODY = YES;
				CLANG_WARN_ENUM_CONVERSION = YES;
				CLANG_WARN_INFINITE_RECURSION = YES;
				CLANG_WARN_INT_CONVERSION = YES;
				CLANG_WARN_NON_LITERAL_NULL_CONVERSION = YES;
				CLANG_WARN_OBJC_IMPLICIT_RETAIN_SELF = YES;
				CLANG_WARN_OBJC_LITERAL_CONVERSION = YES;
				CLANG_WARN_OBJC_ROOT_CLASS = YES_ERROR;
				CLANG_WARN_QUOTED_INCLUDE_IN_FRAMEWORK_HEADER = YES;
				CLANG_WARN_RANGE_LOOP_ANALYSIS = YES;
				CLANG_WARN_STRICT_PROTOTYPES = YES;
				CLANG_WARN_SUSPICIOUS_MOVE = YES;
				CLANG_WARN_UNGUARDED_AVAILABILITY = YES_AGGRESSIVE;
				CLANG_WARN_UNREACHABLE_CODE = YES;
				CLANG_WARN__DUPLICATE_METHOD_MATCH = YES;
				COPY_PHASE_STRIP = NO;
				DEBUG_INFORMATION_FORMAT = dwarf;
				ENABLE_STRICT_OBJC_MSGSEND = YES;
				ENABLE_TESTABILITY = YES;
				ENABLE_USER_SCRIPT_SANDBOXING = YES;
				GCC_C_LANGUAGE_STANDARD = gnu17;
				GCC_DYNAMIC_NO_PIC = NO;
				GCC_NO_COMMON_BLOCKS = YES;
				GCC_OPTIMIZATION_LEVEL = 0;
				GCC_PREPROCESSOR_DEFINITIONS = (
					"DEBUG=1",
					"$(inherited)",
				);
				GCC_WARN_64_TO_32_BIT_CONVERSION = YES;
				GCC_WARN_ABOUT_RETURN_TYPE = YES_ERROR;
				GCC_WARN_UNDECLARED_SELECTOR = YES;
				GCC_WARN_UNINITIALIZED_AUTOS = YES_AGGRESSIVE;
				GCC_WARN_UNUSED_FUNCTION = YES;
				GCC_WARN_UNUSED_VARIABLE = YES;
				LOCALIZATION_PREFERS_STRING_CATALOGS = YES;
				MTL_ENABLE_DEBUG_INFO = INCLUDE_SOURCE;
				MTL_FAST_MATH = YES;
				ONLY_ACTIVE_ARCH = YES;
				SWIFT_ACTIVE_COMPILATION_CONDITIONS = "DEBUG $(inherited)";
				SWIFT_OPTIMIZATION_LEVEL = "-Onone";
			};
			name = Debug;
		};
		F9D7CA5B30439E2A0076636B /* Release */ = {
			isa = XCBuildConfiguration;
			buildSettings = {
				ALWAYS_SEARCH_USER_PATHS = NO;
				ASSETCATALOG_COMPILER_GENERATE_SWIFT_ASSET_SYMBOL_EXTENSIONS = YES;
				CLANG_ANALYZER_NONNULL = YES;
				CLANG_ANALYZER_NUMBER_OBJECT_CONVERSION = YES_AGGRESSIVE;
				CLANG_CXX_LANGUAGE_STANDARD = "gnu++20";
				CLANG_ENABLE_MODULES = YES;
				CLANG_ENABLE_OBJC_ARC = YES;
				CLANG_ENABLE_OBJC_WEAK = YES;
				CLANG_WARN_BLOCK_CAPTURE_AUTORELEASING = YES;
				CLANG_WARN_BOOL_CONVERSION = YES;
				CLANG_WARN_COMMA = YES;
				CLANG_WARN_CONSTANT_CONVERSION = YES;
				CLANG_WARN_DEPRECATED_OBJC_IMPLEMENTATIONS = YES;
				CLANG_WARN_DIRECT_OBJC_ISA_USAGE = YES_ERROR;
				CLANG_WARN_DOCUMENTATION_COMMENTS = YES;
				CLANG_WARN_EMPTY_BODY = YES;
				CLANG_WARN_ENUM_CONVERSION = YES;
				CLANG_WARN_INFINITE_RECURSION = YES;
				CLANG_WARN_INT_CONVERSION = YES;
				CLANG_WARN_NON_LITERAL_NULL_CONVERSION = YES;
				CLANG_WARN_OBJC_IMPLICIT_RETAIN_SELF = YES;
				CLANG_WARN_OBJC_LITERAL_CONVERSION = YES;
				CLANG_WARN_OBJC_ROOT_CLASS = YES_ERROR;
				CLANG_WARN_QUOTED_INCLUDE_IN_FRAMEWORK_HEADER = YES;
				CLANG_WARN_RANGE_LOOP_ANALYSIS = YES;
				CLANG_WARN_STRICT_PROTOTYPES = YES;
				CLANG_WARN_SUSPICIOUS_MOVE = YES;
				CLANG_WARN_UNGUARDED_AVAILABILITY = YES_AGGRESSIVE;
				CLANG_WARN_UNREACHABLE_CODE = YES;
				CLANG_WARN__DUPLICATE_METHOD_MATCH = YES;
				COPY_PHASE_STRIP = NO;
				DEBUG_INFORMATION_FORMAT = "dwarf-with-dsym";
				ENABLE_NS_ASSERTIONS = NO;
				ENABLE_STRICT_OBJC_MSGSEND = YES;
				ENABLE_USER_SCRIPT_SANDBOXING = YES;
				GCC_C_LANGUAGE_STANDARD = gnu17;
				GCC_NO_COMMON_BLOCKS = YES;
				GCC_WARN_64_TO_32_BIT_CONVERSION = YES;
				GCC_WARN_ABOUT_RETURN_TYPE = YES_ERROR;
				GCC_WARN_UNDECLARED_SELECTOR = YES;
				GCC_WARN_UNINITIALIZED_AUTOS = YES_AGGRESSIVE;
				GCC_WARN_UNUSED_FUNCTION = YES;
				GCC_WARN_UNUSED_VARIABLE = YES;
				LOCALIZATION_PREFERS_STRING_CATALOGS = YES;
				MTL_ENABLE_DEBUG_INFO = NO;
				MTL_FAST_MATH = YES;
				SWIFT_COMPILATION_MODE = wholemodule;
			};
			name = Release;
		};
		F9D7CA5D30439E2A0076636B /* Debug */ = {
			isa = XCBuildConfiguration;
			buildSettings = {
				ASSETCATALOG_COMPILER_APPICON_NAME = AppIcon;
				ASSETCATALOG_COMPILER_GLOBAL_ACCENT_COLOR_NAME = AccentColor;
				CODE_SIGN_STYLE = Automatic;
				CURRENT_PROJECT_VERSION = 1;
				ENABLE_APP_SANDBOX = YES;
				ENABLE_INCOMING_NETWORK_CONNECTIONS = NO;
				ENABLE_OUTGOING_NETWORK_CONNECTIONS = YES;
				ENABLE_PREVIEWS = YES;
				ENABLE_RESOURCE_ACCESS_AUDIO_INPUT = NO;
				ENABLE_RESOURCE_ACCESS_BLUETOOTH = NO;
				ENABLE_RESOURCE_ACCESS_CALENDARS = NO;
				ENABLE_RESOURCE_ACCESS_CAMERA = NO;
				ENABLE_RESOURCE_ACCESS_CONTACTS = NO;
				ENABLE_RESOURCE_ACCESS_LOCATION = NO;
				ENABLE_RESOURCE_ACCESS_PRINTING = NO;
				ENABLE_RESOURCE_ACCESS_USB = NO;
				ENABLE_USER_SELECTED_FILES = readonly;
				GENERATE_INFOPLIST_FILE = YES;
				"INFOPLIST_KEY_UIApplicationSceneManifest_Generation[sdk=iphoneos*]" = YES;
				"INFOPLIST_KEY_UIApplicationSceneManifest_Generation[sdk=iphonesimulator*]" = YES;
				"INFOPLIST_KEY_UIApplicationSupportsIndirectInputEvents[sdk=iphoneos*]" = YES;
				"INFOPLIST_KEY_UIApplicationSupportsIndirectInputEvents[sdk=iphonesimulator*]" = YES;
				"INFOPLIST_KEY_UILaunchScreen_Generation[sdk=iphoneos*]" = YES;
				"INFOPLIST_KEY_UILaunchScreen_Generation[sdk=iphonesimulator*]" = YES;
				"INFOPLIST_KEY_UIStatusBarStyle[sdk=iphoneos*]" = UIStatusBarStyleDefault;
				"INFOPLIST_KEY_UIStatusBarStyle[sdk=iphonesimulator*]" = UIStatusBarStyleDefault;
				INFOPLIST_KEY_UISupportedInterfaceOrientations_iPad = "UIInterfaceOrientationPortrait UIInterfaceOrientationPortraitUpsideDown UIInterfaceOrientationLandscapeLeft UIInterfaceOrientationLandscapeRight";
				INFOPLIST_KEY_UISupportedInterfaceOrientations_iPhone = "UIInterfaceOrientationPortrait UIInterfaceOrientationLandscapeLeft UIInterfaceOrientationLandscapeRight";
				IPHONEOS_DEPLOYMENT_TARGET = 26.5;
				LD_RUNPATH_SEARCH_PATHS = "@executable_path/Frameworks";
				"LD_RUNPATH_SEARCH_PATHS[sdk=macosx*]" = "@executable_path/../Frameworks";
				MACOSX_DEPLOYMENT_TARGET = 26.5;
				MARKETING_VERSION = 1.0;
				PRODUCT_BUNDLE_IDENTIFIER = com.GhostCatAlesia.Taste;
				PRODUCT_NAME = "$(TARGET_NAME)";
				REGISTER_APP_GROUPS = YES;
				SDKROOT = auto;
				STRING_CATALOG_GENERATE_SYMBOLS = YES;
				SUPPORTED_PLATFORMS = "iphoneos iphonesimulator macosx xros xrsimulator";
				SWIFT_APPROACHABLE_CONCURRENCY = YES;
				SWIFT_DEFAULT_ACTOR_ISOLATION = MainActor;
				SWIFT_EMIT_LOC_STRINGS = YES;
				SWIFT_UPCOMING_FEATURE_MEMBER_IMPORT_VISIBILITY = YES;
				SWIFT_VERSION = 5.0;
				TARGETED_DEVICE_FAMILY = "1,2,7";
				XROS_DEPLOYMENT_TARGET = 26.5;
			};
			name = Debug;
		};
		F9D7CA5E30439E2A0076636B /* Release */ = {
			isa = XCBuildConfiguration;
			buildSettings = {
				ASSETCATALOG_COMPILER_APPICON_NAME = AppIcon;
				ASSETCATALOG_COMPILER_GLOBAL_ACCENT_COLOR_NAME = AccentColor;
				CODE_SIGN_STYLE = Automatic;
				CURRENT_PROJECT_VERSION = 1;
				ENABLE_APP_SANDBOX = YES;
				ENABLE_INCOMING_NETWORK_CONNECTIONS = NO;
				ENABLE_OUTGOING_NETWORK_CONNECTIONS = YES;
				ENABLE_PREVIEWS = YES;
				ENABLE_RESOURCE_ACCESS_AUDIO_INPUT = NO;
				ENABLE_RESOURCE_ACCESS_BLUETOOTH = NO;
				ENABLE_RESOURCE_ACCESS_CALENDARS = NO;
				ENABLE_RESOURCE_ACCESS_CAMERA = NO;
				ENABLE_RESOURCE_ACCESS_CONTACTS = NO;
				ENABLE_RESOURCE_ACCESS_LOCATION = NO;
				ENABLE_RESOURCE_ACCESS_PRINTING = NO;
				ENABLE_RESOURCE_ACCESS_USB = NO;
				ENABLE_USER_SELECTED_FILES = readonly;
				GENERATE_INFOPLIST_FILE = YES;
				"INFOPLIST_KEY_UIApplicationSceneManifest_Generation[sdk=iphoneos*]" = YES;
				"INFOPLIST_KEY_UIApplicationSceneManifest_Generation[sdk=iphonesimulator*]" = YES;
				"INFOPLIST_KEY_UIApplicationSupportsIndirectInputEvents[sdk=iphoneos*]" = YES;
				"INFOPLIST_KEY_UIApplicationSupportsIndirectInputEvents[sdk=iphonesimulator*]" = YES;
				"INFOPLIST_KEY_UILaunchScreen_Generation[sdk=iphoneos*]" = YES;
				"INFOPLIST_KEY_UILaunchScreen_Generation[sdk=iphonesimulator*]" = YES;
				"INFOPLIST_KEY_UIStatusBarStyle[sdk=iphoneos*]" = UIStatusBarStyleDefault;
				"INFOPLIST_KEY_UIStatusBarStyle[sdk=iphonesimulator*]" = UIStatusBarStyleDefault;
				INFOPLIST_KEY_UISupportedInterfaceOrientations_iPad = "UIInterfaceOrientationPortrait UIInterfaceOrientationPortraitUpsideDown UIInterfaceOrientationLandscapeLeft UIInterfaceOrientationLandscapeRight";
				INFOPLIST_KEY_UISupportedInterfaceOrientations_iPhone = "UIInterfaceOrientationPortrait UIInterfaceOrientationLandscapeLeft UIInterfaceOrientationLandscapeRight";
				IPHONEOS_DEPLOYMENT_TARGET = 26.5;
				LD_RUNPATH_SEARCH_PATHS = "@executable_path/Frameworks";
				"LD_RUNPATH_SEARCH_PATHS[sdk=macosx*]" = "@executable_path/../Frameworks";
				MACOSX_DEPLOYMENT_TARGET = 26.5;
				MARKETING_VERSION = 1.0;
				PRODUCT_BUNDLE_IDENTIFIER = com.GhostCatAlesia.Taste;
				PRODUCT_NAME = "$(TARGET_NAME)";
				REGISTER_APP_GROUPS = YES;
				SDKROOT = auto;
				STRING_CATALOG_GENERATE_SYMBOLS = YES;
				SUPPORTED_PLATFORMS = "iphoneos iphonesimulator macosx xros xrsimulator";
				SWIFT_APPROACHABLE_CONCURRENCY = YES;
				SWIFT_DEFAULT_ACTOR_ISOLATION = MainActor;
				SWIFT_EMIT_LOC_STRINGS = YES;
				SWIFT_UPCOMING_FEATURE_MEMBER_IMPORT_VISIBILITY = YES;
				SWIFT_VERSION = 5.0;
				TARGETED_DEVICE_FAMILY = "1,2,7";
				XROS_DEPLOYMENT_TARGET = 26.5;
			};
			name = Release;
		};
		F9D7CA6030439E2A0076636B /* Debug */ = {
			isa = XCBuildConfiguration;
			buildSettings = {
				BUNDLE_LOADER = "$(TEST_HOST)";
				CODE_SIGN_STYLE = Automatic;
				CURRENT_PROJECT_VERSION = 1;
				GENERATE_INFOPLIST_FILE = YES;
				IPHONEOS_DEPLOYMENT_TARGET = 26.5;
				MACOSX_DEPLOYMENT_TARGET = 26.5;
				MARKETING_VERSION = 1.0;
				PRODUCT_BUNDLE_IDENTIFIER = com.GhostCatAlesia.TasteTests;
				PRODUCT_NAME = "$(TARGET_NAME)";
				SDKROOT = auto;
				STRING_CATALOG_GENERATE_SYMBOLS = NO;
				SUPPORTED_PLATFORMS = "iphoneos iphonesimulator macosx xros xrsimulator";
				SWIFT_APPROACHABLE_CONCURRENCY = YES;
				SWIFT_EMIT_LOC_STRINGS = NO;
				SWIFT_UPCOMING_FEATURE_MEMBER_IMPORT_VISIBILITY = YES;
				SWIFT_VERSION = 5.0;
				TARGETED_DEVICE_FAMILY = "1,2,7";
				TEST_HOST = "$(BUILT_PRODUCTS_DIR)/Taste.app/$(BUNDLE_EXECUTABLE_FOLDER_PATH)/Taste";
				XROS_DEPLOYMENT_TARGET = 26.5;
			};
			name = Debug;
		};
		F9D7CA6130439E2A0076636B /* Release */ = {
			isa = XCBuildConfiguration;
			buildSettings = {
				BUNDLE_LOADER = "$(TEST_HOST)";
				CODE_SIGN_STYLE = Automatic;
				CURRENT_PROJECT_VERSION = 1;
				GENERATE_INFOPLIST_FILE = YES;
				IPHONEOS_DEPLOYMENT_TARGET = 26.5;
				MACOSX_DEPLOYMENT_TARGET = 26.5;
				MARKETING_VERSION = 1.0;
				PRODUCT_BUNDLE_IDENTIFIER = com.GhostCatAlesia.TasteTests;
				PRODUCT_NAME = "$(TARGET_NAME)";
				SDKROOT = auto;
				STRING_CATALOG_GENERATE_SYMBOLS = NO;
				SUPPORTED_PLATFORMS = "iphoneos iphonesimulator macosx xros xrsimulator";
				SWIFT_APPROACHABLE_CONCURRENCY = YES;
				SWIFT_EMIT_LOC_STRINGS = NO;
				SWIFT_UPCOMING_FEATURE_MEMBER_IMPORT_VISIBILITY = YES;
				SWIFT_VERSION = 5.0;
				TARGETED_DEVICE_FAMILY = "1,2,7";
				TEST_HOST = "$(BUILT_PRODUCTS_DIR)/Taste.app/$(BUNDLE_EXECUTABLE_FOLDER_PATH)/Taste";
				XROS_DEPLOYMENT_TARGET = 26.5;
			};
			name = Release;
		};
		F9D7CA6330439E2A0076636B /* Debug */ = {
			isa = XCBuildConfiguration;
			buildSettings = {
				CODE_SIGN_STYLE = Automatic;
				CURRENT_PROJECT_VERSION = 1;
				GENERATE_INFOPLIST_FILE = YES;
				IPHONEOS_DEPLOYMENT_TARGET = 26.5;
				MACOSX_DEPLOYMENT_TARGET = 26.5;
				MARKETING_VERSION = 1.0;
				PRODUCT_BUNDLE_IDENTIFIER = com.GhostCatAlesia.TasteUITests;
				PRODUCT_NAME = "$(TARGET_NAME)";
				SDKROOT = auto;
				STRING_CATALOG_GENERATE_SYMBOLS = NO;
				SUPPORTED_PLATFORMS = "iphoneos iphonesimulator macosx xros xrsimulator";
				SWIFT_APPROACHABLE_CONCURRENCY = YES;
				SWIFT_EMIT_LOC_STRINGS = NO;
				SWIFT_UPCOMING_FEATURE_MEMBER_IMPORT_VISIBILITY = YES;
				SWIFT_VERSION = 5.0;
				TARGETED_DEVICE_FAMILY = "1,2,7";
				TEST_TARGET_NAME = Taste;
				XROS_DEPLOYMENT_TARGET = 26.5;
			};
			name = Debug;
		};
		F9D7CA6430439E2A0076636B /* Release */ = {
			isa = XCBuildConfiguration;
			buildSettings = {
				CODE_SIGN_STYLE = Automatic;
				CURRENT_PROJECT_VERSION = 1;
				GENERATE_INFOPLIST_FILE = YES;
				IPHONEOS_DEPLOYMENT_TARGET = 26.5;
				MACOSX_DEPLOYMENT_TARGET = 26.5;
				MARKETING_VERSION = 1.0;
				PRODUCT_BUNDLE_IDENTIFIER = com.GhostCatAlesia.TasteUITests;
				PRODUCT_NAME = "$(TARGET_NAME)";
				SDKROOT = auto;
				STRING_CATALOG_GENERATE_SYMBOLS = NO;
				SUPPORTED_PLATFORMS = "iphoneos iphonesimulator macosx xros xrsimulator";
				SWIFT_APPROACHABLE_CONCURRENCY = YES;
				SWIFT_EMIT_LOC_STRINGS = NO;
				SWIFT_UPCOMING_FEATURE_MEMBER_IMPORT_VISIBILITY = YES;
				SWIFT_VERSION = 5.0;
				TARGETED_DEVICE_FAMILY = "1,2,7";
				TEST_TARGET_NAME = Taste;
				XROS_DEPLOYMENT_TARGET = 26.5;
			};
			name = Release;
		};
/* End XCBuildConfiguration section */

/* Begin XCConfigurationList section */
		F9D7CA3630439E260076636B /* Build configuration list for PBXProject "Taste" */ = {
			isa = XCConfigurationList;
			buildConfigurations = (
				F9D7CA5A30439E2A0076636B /* Debug */,
				F9D7CA5B30439E2A0076636B /* Release */,
			);
			defaultConfigurationIsVisible = 0;
			defaultConfigurationName = Release;
		};
		F9D7CA5C30439E2A0076636B /* Build configuration list for PBXNativeTarget "Taste" */ = {
			isa = XCConfigurationList;
			buildConfigurations = (
				F9D7CA5D30439E2A0076636B /* Debug */,
				F9D7CA5E30439E2A0076636B /* Release */,
			);
			defaultConfigurationIsVisible = 0;
			defaultConfigurationName = Release;
		};
		F9D7CA5F30439E2A0076636B /* Build configuration list for PBXNativeTarget "TasteTests" */ = {
			isa = XCConfigurationList;
			buildConfigurations = (
				F9D7CA6030439E2A0076636B /* Debug */,
				F9D7CA6130439E2A0076636B /* Release */,
			);
			defaultConfigurationIsVisible = 0;
			defaultConfigurationName = Release;
		};
		F9D7CA6230439E2A0076636B /* Build configuration list for PBXNativeTarget "TasteUITests" */ = {
			isa = XCConfigurationList;
			buildConfigurations = (
				F9D7CA6330439E2A0076636B /* Debug */,
				F9D7CA6430439E2A0076636B /* Release */,
			);
			defaultConfigurationIsVisible = 0;
			defaultConfigurationName = Release;
		};
/* End XCConfigurationList section */
	};
	rootObject = F9D7CA3330439E260076636B /* Project object */;
}
